# This file is autogenerated, do not edit; changes may be undone by the next 'dep ensure'.


[[projects]]
  name = "git.aqq.me/go/app"
  packages = [
    ".",
    "appconf",
    "applog",
    "event",
    "launcher"
  ]
  revision = "dca8afcbf2bbad03966b4b944ae1260eaf58a30e"
  version = "v1.6.2"

[[projects]]
  name = "github.com/BurntSushi/toml"
  packages = ["."]
  revision = "3012a1dbe2e4bd1391d42b32f0577cb7bbc7f005"
  version = "v0.3.1"

[[projects]]
  name = "github.com/iph0/conf"
  packages = [
    ".",
    "envconf",
    "fileconf"
  ]
  revision = "2449044059ba4b98e13ce80d15162e85de2d03d0"
  version = "v1.4.3"

[[projects]]
  name = "github.com/iph0/merger"
  packages = ["."]
  revision = "d0a24e95746084d19d9ca6a034947711c3409d00"
  version = "v1.2"

[[projects]]
  name = "github.com/json-iterator/go"
  packages = ["."]
  revision = "1624edc4454b8682399def8740d46db5e4362ba4"
  version = "v1.1.5"

[[projects]]
  name = "github.com/kak-tus/healthcheck"
  packages = ["."]
  revision = "5f3713b5d728cc0f1c0d5bbfbadb9bbf99e2576f"
  version = "v0.5.0"

[[projects]]
  name = "github.com/kshvakov/clickhouse"
  packages = [
    ".",
    "lib/binary",
    "lib/column",
    "lib/data",
    "lib/protocol",
    "lib/types",
    "lib/writebuffer"
  ]
  revision = "aeedb7b9d0584f393905447021238b5c6e9c5154"
  version = "v1.3.4"

[[projects]]
  name = "github.com/mitchellh/mapstructure"
  packages = ["."]
  revision = "fe40af7a9c397fa3ddba203c38a5042c5d0475ad"
  version = "v1.1.1"

[[projects]]
  name = "github.com/modern-go/concurrent"
  packages = ["."]
  revision = "bacd9c7ef1dd9b15be4a9909b8ac7a4e313eec94"
  version = "1.0.3"

[[projects]]
  name = "github.com/modern-go/reflect2"
  packages = ["."]
  revision = "4b7aa43c6742a2c18fdef89dd197aaae7dac7ccd"
  version = "1.0.1"

[[projects]]
  name = "go.uber.org/atomic"
  packages = ["."]
  revision = "1ea20fb1cbb1cc08cbd0d913a96dead89aa18289"
  version = "v1.3.2"

[[projects]]
  name = "go.uber.org/multierr"
  packages = ["."]
  revision = "3c4937480c32f4c13a875a1829af76c98ca3d40a"
  version = "v1.1.0"

[[projects]]
  name = "go.uber.org/zap"
  packages = [
    ".",
    "buffer",
    "internal/bufferpool",
    "internal/color",
    "internal/exit",
    "zapcore"
  ]
  revision = "ff33455a0e382e8a81d14dd7c922020b6b5e7982"
  version = "v1.9.1"

[[projects]]
  name = "gopkg.in/mcuadros/go-syslog.v2"
  packages = [
    ".",
    "format",
    "internal/syslogparser",
    "internal/syslogparser/rfc3164",
    "internal/syslogparser/rfc5424"
  ]
  revision = "9cf13b7327c0e153da3cba3540c2ae2b879c3859"
  version = "v2.2.1"

[[projects]]
  name = "gopkg.in/yaml.v2"
  packages = ["."]
  revision = "5420a8b6744d3b0345ab293f6fcba19c978f1183"
  version = "v2.2.1"

[solve-meta]
  analyzer-name = "dep"
  analyzer-version = 1
  inputs-digest = "2318d93f65bcd3c24f6de603d9085157fd3484f296bd5e879cc5f10a328a6e15"
  solver-name = "gps-cdcl"
  solver-version = 1
